
Microsoft Visual Studio Solution File, Format Version 10.00
# Visual Studio 2008
Project("{8BC9CEB8-8B4A-11D0-8D11-00A0C91BC942}") = "check_sum", "check_sum.vcproj", "{A13A4DEA-1A9F-486C-ABEA-A010CF0D4239}"
EndProject
Global
	GlobalSection(SolutionConfigurationPlatforms) = preSolution
		Debug|Win32 = Debug|Win32
		Release|Win32 = Release|Win32
	EndGlobalSection
	GlobalSection(ProjectConfigurationPlatforms) = postSolution
		{A13A4DEA-1A9F-486C-ABEA-A010CF0D4239}.Debug|Win32.ActiveCfg = Debug|Win32
		{A13A4DEA-1A9F-486C-ABEA-A010CF0D4239}.Debug|Win32.Build.0 = Debug|Win32
		{A13A4DEA-1A9F-486C-ABEA-A010CF0D4239}.Release|Win32.ActiveCfg = Release|Win32
		{A13A4DEA-1A9F-486C-ABEA-A010CF0D4239}.Release|Win32.Build.0 = Release|Win32
	EndGlobalSection
	GlobalSection(SolutionProperties) = preSolution
		HideSolutionNode = FALSE
	EndGlobalSection
EndGlobal
