
Microsoft Visual Studio Solution File, Format Version 10.00
# Visual Studio 2008
Project("{8BC9CEB8-8B4A-11D0-8D11-00A0C91BC942}") = "keyboard", "keyboard.vcproj", "{5DC4B517-EDC5-4D7D-A15A-4BA3A650F857}"
EndProject
Global
	GlobalSection(SolutionConfigurationPlatforms) = preSolution
		Debug|Win32 = Debug|Win32
		Release|Win32 = Release|Win32
	EndGlobalSection
	GlobalSection(ProjectConfigurationPlatforms) = postSolution
		{5DC4B517-EDC5-4D7D-A15A-4BA3A650F857}.Debug|Win32.ActiveCfg = Debug|Win32
		{5DC4B517-EDC5-4D7D-A15A-4BA3A650F857}.Debug|Win32.Build.0 = Debug|Win32
		{5DC4B517-EDC5-4D7D-A15A-4BA3A650F857}.Release|Win32.ActiveCfg = Release|Win32
		{5DC4B517-EDC5-4D7D-A15A-4BA3A650F857}.Release|Win32.Build.0 = Release|Win32
	EndGlobalSection
	GlobalSection(SolutionProperties) = preSolution
		HideSolutionNode = FALSE
	EndGlobalSection
EndGlobal
