
Microsoft Visual Studio Solution File, Format Version 10.00
# Visual Studio 2008
Project("{8BC9CEB8-8B4A-11D0-8D11-00A0C91BC942}") = "make_gbk_unicode_lib", "unicode.vcproj", "{12B9DA29-4975-4697-8ED7-24FCF83FE88B}"
EndProject
Project("{8BC9CEB8-8B4A-11D0-8D11-00A0C91BC942}") = "gbk_unicode", "..\gbk_unicode\gbk_unicode.vcproj", "{E8722CC1-CAE5-4DAF-9316-788370F96B4A}"
EndProject
Project("{8BC9CEB8-8B4A-11D0-8D11-00A0C91BC942}") = "lib_gbk_unicode_test", "..\lib_gbk_unicode_test\lib_gbk_unicode_test.vcproj", "{05DD449A-8B96-438A-8CA4-C5601109C6B9}"
EndProject
Global
	GlobalSection(SolutionConfigurationPlatforms) = preSolution
		Debug|Win32 = Debug|Win32
		Release|Win32 = Release|Win32
	EndGlobalSection
	GlobalSection(ProjectConfigurationPlatforms) = postSolution
		{12B9DA29-4975-4697-8ED7-24FCF83FE88B}.Debug|Win32.ActiveCfg = Debug|Win32
		{12B9DA29-4975-4697-8ED7-24FCF83FE88B}.Debug|Win32.Build.0 = Debug|Win32
		{12B9DA29-4975-4697-8ED7-24FCF83FE88B}.Release|Win32.ActiveCfg = Release|Win32
		{12B9DA29-4975-4697-8ED7-24FCF83FE88B}.Release|Win32.Build.0 = Release|Win32
		{E8722CC1-CAE5-4DAF-9316-788370F96B4A}.Debug|Win32.ActiveCfg = Debug|Win32
		{E8722CC1-CAE5-4DAF-9316-788370F96B4A}.Debug|Win32.Build.0 = Debug|Win32
		{E8722CC1-CAE5-4DAF-9316-788370F96B4A}.Release|Win32.ActiveCfg = Release|Win32
		{E8722CC1-CAE5-4DAF-9316-788370F96B4A}.Release|Win32.Build.0 = Release|Win32
		{05DD449A-8B96-438A-8CA4-C5601109C6B9}.Debug|Win32.ActiveCfg = Debug|Win32
		{05DD449A-8B96-438A-8CA4-C5601109C6B9}.Debug|Win32.Build.0 = Debug|Win32
		{05DD449A-8B96-438A-8CA4-C5601109C6B9}.Release|Win32.ActiveCfg = Release|Win32
		{05DD449A-8B96-438A-8CA4-C5601109C6B9}.Release|Win32.Build.0 = Release|Win32
	EndGlobalSection
	GlobalSection(SolutionProperties) = preSolution
		HideSolutionNode = FALSE
	EndGlobalSection
EndGlobal
