
Microsoft Visual Studio Solution File, Format Version 9.00
# Visual Studio 2005
Project("{8BC9CEB8-8B4A-11D0-8D11-00A0C91BC942}") = "MediaPlayer", "MediaPlayer\MediaPlayer.vcproj", "{6081E517-5168-4DA7-A5B0-A4059091FE4E}"
EndProject
Global
	GlobalSection(SolutionConfigurationPlatforms) = preSolution
		Debug|Win32 = Debug|Win32
		Release|Win32 = Release|Win32
	EndGlobalSection
	GlobalSection(ProjectConfigurationPlatforms) = postSolution
		{6081E517-5168-4DA7-A5B0-A4059091FE4E}.Debug|Win32.ActiveCfg = Debug|Win32
		{6081E517-5168-4DA7-A5B0-A4059091FE4E}.Debug|Win32.Build.0 = Debug|Win32
		{6081E517-5168-4DA7-A5B0-A4059091FE4E}.Release|Win32.ActiveCfg = Release|Win32
		{6081E517-5168-4DA7-A5B0-A4059091FE4E}.Release|Win32.Build.0 = Release|Win32
	EndGlobalSection
	GlobalSection(SolutionProperties) = preSolution
		HideSolutionNode = FALSE
	EndGlobalSection
EndGlobal
