
Microsoft Visual Studio Solution File, Format Version 9.00
# Visual Studio 2005
Project("{8BC9CEB8-8B4A-11D0-8D11-00A0C91BC942}") = "DSoundManager", "DSoundManager.vcproj", "{6559AD17-CD3F-4E96-AD47-14C59B65015D}"
EndProject
Project("{8BC9CEB8-8B4A-11D0-8D11-00A0C91BC942}") = "Sound", "..\DSound_demo\Sound.vcproj", "{284481A9-7DBA-4179-BBE3-5E088A5C443C}"
EndProject
Global
	GlobalSection(SolutionConfigurationPlatforms) = preSolution
		Debug|Win32 = Debug|Win32
		Release|Win32 = Release|Win32
	EndGlobalSection
	GlobalSection(ProjectConfigurationPlatforms) = postSolution
		{6559AD17-CD3F-4E96-AD47-14C59B65015D}.Debug|Win32.ActiveCfg = Debug|Win32
		{6559AD17-CD3F-4E96-AD47-14C59B65015D}.Debug|Win32.Build.0 = Debug|Win32
		{6559AD17-CD3F-4E96-AD47-14C59B65015D}.Release|Win32.ActiveCfg = Release|Win32
		{6559AD17-CD3F-4E96-AD47-14C59B65015D}.Release|Win32.Build.0 = Release|Win32
		{284481A9-7DBA-4179-BBE3-5E088A5C443C}.Debug|Win32.ActiveCfg = Debug|Win32
		{284481A9-7DBA-4179-BBE3-5E088A5C443C}.Debug|Win32.Build.0 = Debug|Win32
		{284481A9-7DBA-4179-BBE3-5E088A5C443C}.Release|Win32.ActiveCfg = Release|Win32
		{284481A9-7DBA-4179-BBE3-5E088A5C443C}.Release|Win32.Build.0 = Release|Win32
	EndGlobalSection
	GlobalSection(SolutionProperties) = preSolution
		HideSolutionNode = FALSE
	EndGlobalSection
EndGlobal
