
Microsoft Visual Studio Solution File, Format Version 9.00
# Visual Studio 2005
Project("{8BC9CEB8-8B4A-11D0-8D11-00A0C91BC942}") = "H264Dec", "H264Dec.vcproj", "{553542F7-4F5A-49D2-B4A6-49131928C614}"
EndProject
Global
	GlobalSection(SolutionConfigurationPlatforms) = preSolution
		Debug|Win32 = Debug|Win32
		Release|Win32 = Release|Win32
	EndGlobalSection
	GlobalSection(ProjectConfigurationPlatforms) = postSolution
		{553542F7-4F5A-49D2-B4A6-49131928C614}.Debug|Win32.ActiveCfg = Debug|Win32
		{553542F7-4F5A-49D2-B4A6-49131928C614}.Debug|Win32.Build.0 = Debug|Win32
		{553542F7-4F5A-49D2-B4A6-49131928C614}.Release|Win32.ActiveCfg = Release|Win32
		{553542F7-4F5A-49D2-B4A6-49131928C614}.Release|Win32.Build.0 = Release|Win32
	EndGlobalSection
	GlobalSection(SolutionProperties) = preSolution
		HideSolutionNode = FALSE
	EndGlobalSection
EndGlobal
