
Microsoft Visual Studio Solution File, Format Version 10.00
# Visual Studio 2008
Project("{FAE04EC0-301F-11D3-BF4B-00C04F79EFBC}") = "MOgreTest", "MOgreTest.csproj", "{D05E9E1B-1420-4AB4-8022-B09673FC19EE}"
EndProject
Global
	GlobalSection(SolutionConfigurationPlatforms) = preSolution
		Debug|Any CPU = Debug|Any CPU
		Release|Any CPU = Release|Any CPU
	EndGlobalSection
	GlobalSection(ProjectConfigurationPlatforms) = postSolution
		{D05E9E1B-1420-4AB4-8022-B09673FC19EE}.Debug|Any CPU.ActiveCfg = Debug|Any CPU
		{D05E9E1B-1420-4AB4-8022-B09673FC19EE}.Debug|Any CPU.Build.0 = Debug|Any CPU
		{D05E9E1B-1420-4AB4-8022-B09673FC19EE}.Release|Any CPU.ActiveCfg = Release|Any CPU
		{D05E9E1B-1420-4AB4-8022-B09673FC19EE}.Release|Any CPU.Build.0 = Release|Any CPU
	EndGlobalSection
	GlobalSection(SolutionProperties) = preSolution
		HideSolutionNode = FALSE
	EndGlobalSection
EndGlobal
